{
  "name": "node-js-libhost",
  "version": "1.0.0",
  "lockfileVersion": 1,
  "requires": true,
  "dependencies": {
    "@tanyazvereva/node": {
      "version": "1.0.0",
      "resolved": "https://npm.pkg.github.com/download/@tanyazvereva/node/1.0.0/4b803d249f1c2020fa4691e778f3a688ec1ae799b6a56414a7dede6cb8065108",
      "integrity": "sha512-9RknGK9avabdu2b2XfA/kyjVhjtU9x7XUOsPFWJWsst6rq4EL68pu8O1XItws/GwrsVdwMaTKSL3ZvsRYX0dUg=="
    }
  }
}
